
Microsoft Visual Studio Solution File, Format Version 12.00
# Visual Studio 15
VisualStudioVersion = 15.0.28307.421
MinimumVisualStudioVersion = 10.0.40219.1
Project("{9A19103F-16F7-4668-BE54-9A1E7A4F7556}") = "Race-boat-app", "Race-boat-app\Race-boat-app.csproj", "{8CDBC3A8-F420-4806-8F6C-1811AA26875B}"
EndProject
Global
	GlobalSection(SolutionConfigurationPlatforms) = preSolution
		Debug|Any CPU = Debug|Any CPU
		Release|Any CPU = Release|Any CPU
	EndGlobalSection
	GlobalSection(ProjectConfigurationPlatforms) = postSolution
		{8CDBC3A8-F420-4806-8F6C-1811AA26875B}.Debug|Any CPU.ActiveCfg = Debug|Any CPU
		{8CDBC3A8-F420-4806-8F6C-1811AA26875B}.Debug|Any CPU.Build.0 = Debug|Any CPU
		{8CDBC3A8-F420-4806-8F6C-1811AA26875B}.Release|Any CPU.ActiveCfg = Release|Any CPU
		{8CDBC3A8-F420-4806-8F6C-1811AA26875B}.Release|Any CPU.Build.0 = Release|Any CPU
	EndGlobalSection
	GlobalSection(SolutionProperties) = preSolution
		HideSolutionNode = FALSE
	EndGlobalSection
	GlobalSection(ExtensibilityGlobals) = postSolution
		SolutionGuid = {B97A8CC8-04F3-45C0-80A7-EF21A6103A41}
	EndGlobalSection
EndGlobal
